
Microsoft Visual Studio Solution File, Format Version 12.00
# Visual Studio Version 16
VisualStudioVersion = 16.0.30114.105
MinimumVisualStudioVersion = 10.0.40219.1
Project("{FAE04EC0-301F-11D3-BF4B-00C04F79EFBC}") = "FFT_Monitor_STM32", "FFT_Monitor_STM32.csproj", "{E09F0DEF-073E-4E74-B0E6-84610EC3D15A}"
EndProject
Global
	GlobalSection(SolutionConfigurationPlatforms) = preSolution
		Debug|Any CPU = Debug|Any CPU
		Release|Any CPU = Release|Any CPU
	EndGlobalSection
	GlobalSection(ProjectConfigurationPlatforms) = postSolution
		{E09F0DEF-073E-4E74-B0E6-84610EC3D15A}.Debug|Any CPU.ActiveCfg = Debug|Any CPU
		{E09F0DEF-073E-4E74-B0E6-84610EC3D15A}.Debug|Any CPU.Build.0 = Debug|Any CPU
		{E09F0DEF-073E-4E74-B0E6-84610EC3D15A}.Release|Any CPU.ActiveCfg = Release|Any CPU
		{E09F0DEF-073E-4E74-B0E6-84610EC3D15A}.Release|Any CPU.Build.0 = Release|Any CPU
	EndGlobalSection
	GlobalSection(SolutionProperties) = preSolution
		HideSolutionNode = FALSE
	EndGlobalSection
	GlobalSection(ExtensibilityGlobals) = postSolution
		SolutionGuid = {075896B0-CFE4-4998-B341-BDC9E7AB1E44}
	EndGlobalSection
EndGlobal
